{
  "name": "nullclaw-test",
  "version": "1.0.0",
  "lockfileVersion": 3,
  "requires": true,
  "packages": {
    "": {
      "name": "nullclaw-test",
      "version": "1.0.0",
      "devDependencies": {
        "@copilotkit/llmock": "^1.1.1"
      }
    },
    "node_modules/@copilotkit/llmock": {
      "version": "1.1.1",
      "resolved": "https://registry.npmjs.org/@copilotkit/llmock/-/llmock-1.1.1.tgz",
      "integrity": "sha512-lUwGy0UFtU4acQCRMrXKiT+wjcsK0P/M7SmgIj10Zecy0NuoCYKK7rkBh4P2/0V7GwYAEoDPnSrt5DZONhNMcQ==",
      "dev": true,
      "license": "MIT",
      "bin": {
        "llmock": "dist/cli.js"
      }
    }
  }
}
